// !$*UTF8*$!
{
	archiveVersion = 1;
	classes = {
	};
	objectVersion = 50;
	objects = {

/* Begin PBXBuildFile section */
		A7CE3FCE245233D900C6FA76 /* AppDelegate.swift in Sources */ = {isa = PBXBuildFile; fileRef = A7CE3FCD245233D900C6FA76 /* AppDelegate.swift */; };
		A7CE3FD0245233D900C6FA76 /* SceneDelegate.swift in Sources */ = {isa = PBXBuildFile; fileRef = A7CE3FCF245233D900C6FA76 /* SceneDelegate.swift */; };
		A7CE3FD2245233D900C6FA76 /* ViewController.swift in Sources */ = {isa = PBXBuildFile; fileRef = A7CE3FD1245233D900C6FA76 /* ViewController.swift */; };
		A7CE3FD5245233D900C6FA76 /* Main.storyboard in Resources */ = {isa = PBXBuildFile; fileRef = A7CE3FD3245233D900C6FA76 /* Main.storyboard */; };
		A7CE3FD7245233DC00C6FA76 /* Assets.xcassets in Resources */ = {isa = PBXBuildFile; fileRef = A7CE3FD6245233DC00C6FA76 /* Assets.xcassets */; };
		A7CE3FDA245233DC00C6FA76 /* LaunchScreen.storyboard in Resources */ = {isa = PBXBuildFile; fileRef = A7CE3FD8245233DC00C6FA76 /* LaunchScreen.storyboard */; };
		A7CE3FE5245233DC00C6FA76 /* Homework_10Tests.swift in Sources */ = {isa = PBXBuildFile; fileRef = A7CE3FE4245233DC00C6FA76 /* Homework_10Tests.swift */; };
		A7CE3FF0245233DC00C6FA76 /* Homework_10UITests.swift in Sources */ = {isa = PBXBuildFile; fileRef = A7CE3FEF245233DC00C6FA76 /* Homework_10UITests.swift */; };
/* End PBXBuildFile section */

/* Begin PBXContainerItemProxy section */
		A7CE3FE1245233DC00C6FA76 /* PBXContainerItemProxy */ = {
			isa = PBXContainerItemProxy;
			containerPortal = A7CE3FC2245233D900C6FA76 /* Project object */;
			proxyType = 1;
			remoteGlobalIDString = A7CE3FC9245233D900C6FA76;
			remoteInfo = "Homework 10";
		};
		A7CE3FEC245233DC00C6FA76 /* PBXContainerItemProxy */ = {
			isa = PBXContainerItemProxy;
			containerPortal = A7CE3FC2245233D900C6FA76 /* Project object */;
			proxyType = 1;
			remoteGlobalIDString = A7CE3FC9245233D900C6FA76;
			remoteInfo = "Homework 10";
		};
/* End PBXContainerItemProxy section */

/* Begin PBXFileReference section */
		A7CE3FCA245233D900C6FA76 /* Homework 10.app */ = {isa = PBXFileReference; explicitFileType = wrapper.application; includeInIndex = 0; path = "Homework 10.app"; sourceTree = BUILT_PRODUCTS_DIR; };
		A7CE3FCD245233D900C6FA76 /* AppDelegate.swift */ = {isa = PBXFileReference; lastKnownFileType = sourcecode.swift; path = AppDelegate.swift; sourceTree = "<group>"; };
		A7CE3FCF245233D900C6FA76 /* SceneDelegate.swift */ = {isa = PBXFileReference; lastKnownFileType = sourcecode.swift; path = SceneDelegate.swift; sourceTree = "<group>"; };
		A7CE3FD1245233D900C6FA76 /* ViewController.swift */ = {isa = PBXFileReference; lastKnownFileType = sourcecode.swift; path = ViewController.swift; sourceTree = "<group>"; };
		A7CE3FD4245233D900C6FA76 /* Base */ = {isa = PBXFileReference; lastKnownFileType = file.storyboard; name = Base; path = Base.lproj/Main.storyboard; sourceTree = "<group>"; };
		A7CE3FD6245233DC00C6FA76 /* Assets.xcassets */ = {isa = PBXFileReference; lastKnownFileType = folder.assetcatalog; path = Assets.xcassets; sourceTree = "<group>"; };
		A7CE3FD9245233DC00C6FA76 /* Base */ = {isa = PBXFileReference; lastKnownFileType = file.storyboard; name = Base; path = Base.lproj/LaunchScreen.storyboard; sourceTree = "<group>"; };
		A7CE3FDB245233DC00C6FA76 /* Info.plist */ = {isa = PBXFileReference; lastKnownFileType = text.plist.xml; path = Info.plist; sourceTree = "<group>"; };
		A7CE3FE0245233DC00C6FA76 /* Homework 10Tests.xctest */ = {isa = PBXFileReference; explicitFileType = wrapper.cfbundle; includeInIndex = 0; path = "Homework 10Tests.xctest"; sourceTree = BUILT_PRODUCTS_DIR; };
		A7CE3FE4245233DC00C6FA76 /* Homework_10Tests.swift */ = {isa = PBXFileReference; lastKnownFileType = sourcecode.swift; path = Homework_10Tests.swift; sourceTree = "<group>"; };
		A7CE3FE6245233DC00C6FA76 /* Info.plist */ = {isa = PBXFileReference; lastKnownFileType = text.plist.xml; path = Info.plist; sourceTree = "<group>"; };
		A7CE3FEB245233DC00C6FA76 /* Homework 10UITests.xctest */ = {isa = PBXFileReference; explicitFileType = wrapper.cfbundle; includeInIndex = 0; path = "Homework 10UITests.xctest"; sourceTree = BUILT_PRODUCTS_DIR; };
		A7CE3FEF245233DC00C6FA76 /* Homework_10UITests.swift */ = {isa = PBXFileReference; lastKnownFileType = sourcecode.swift; path = Homework_10UITests.swift; sourceTree = "<group>"; };
		A7CE3FF1245233DC00C6FA76 /* Info.plist */ = {isa = PBXFileReference; lastKnownFileType = text.plist.xml; path = Info.plist; sourceTree = "<group>"; };
/* End PBXFileReference section */

/* Begin PBXFrameworksBuildPhase section */
		A7CE3FC7245233D900C6FA76 /* Frameworks */ = {
			isa = PBXFrameworksBuildPhase;
			buildActionMask = 2147483647;
			files = (
			);
			runOnlyForDeploymentPostprocessing = 0;
		};
		A7CE3FDD245233DC00C6FA76 /* Frameworks */ = {
			isa = PBXFrameworksBuildPhase;
			buildActionMask = 2147483647;
			files = (
			);
			runOnlyForDeploymentPostprocessing = 0;
		};
		A7CE3FE8245233DC00C6FA76 /* Frameworks */ = {
			isa = PBXFrameworksBuildPhase;
			buildActionMask = 2147483647;
			files = (
			);
			runOnlyForDeploymentPostprocessing = 0;
		};
/* End PBXFrameworksBuildPhase section */

/* Begin PBXGroup section */
		A7CE3FC1245233D900C6FA76 = {
			isa = PBXGroup;
			children = (
				A7CE3FCC245233D900C6FA76 /* Homework 10 */,
				A7CE3FE3245233DC00C6FA76 /* Homework 10Tests */,
				A7CE3FEE245233DC00C6FA76 /* Homework 10UITests */,
				A7CE3FCB245233D900C6FA76 /* Products */,
			);
			sourceTree = "<group>";
		};
		A7CE3FCB245233D900C6FA76 /* Products */ = {
			isa = PBXGroup;
			children = (
				A7CE3FCA245233D900C6FA76 /* Homework 10.app */,
				A7CE3FE0245233DC00C6FA76 /* Homework 10Tests.xctest */,
				A7CE3FEB245233DC00C6FA76 /* Homework 10UITests.xctest */,
			);
			name = Products;
			sourceTree = "<group>";
		};
		A7CE3FCC245233D900C6FA76 /* Homework 10 */ = {
			isa = PBXGroup;
			children = (
				A7CE3FCD245233D900C6FA76 /* AppDelegate.swift */,
				A7CE3FCF245233D900C6FA76 /* SceneDelegate.swift */,
				A7CE3FD1245233D900C6FA76 /* ViewController.swift */,
				A7CE3FD3245233D900C6FA76 /* Main.storyboard */,
				A7CE3FD6245233DC00C6FA76 /* Assets.xcassets */,
				A7CE3FD8245233DC00C6FA76 /* LaunchScreen.storyboard */,
				A7CE3FDB245233DC00C6FA76 /* Info.plist */,
			);
			path = "Homework 10";
			sourceTree = "<group>";
		};
		A7CE3FE3245233DC00C6FA76 /* Homework 10Tests */ = {
			isa = PBXGroup;
			children = (
				A7CE3FE4245233DC00C6FA76 /* Homework_10Tests.swift */,
				A7CE3FE6245233DC00C6FA76 /* Info.plist */,
			);
			path = "Homework 10Tests";
			sourceTree = "<group>";
		};
		A7CE3FEE245233DC00C6FA76 /* Homework 10UITests */ = {
			isa = PBXGroup;
			children = (
				A7CE3FEF245233DC00C6FA76 /* Homework_10UITests.swift */,
				A7CE3FF1245233DC00C6FA76 /* Info.plist */,
			);
			path = "Homework 10UITests";
			sourceTree = "<group>";
		};
/* End PBXGroup section */

/* Begin PBXNativeTarget section */
		A7CE3FC9245233D900C6FA76 /* Homework 10 */ = {
			isa = PBXNativeTarget;
			buildConfigurationList = A7CE3FF4245233DC00C6FA76 /* Build configuration list for PBXNativeTarget "Homework 10" */;
			buildPhases = (
				A7CE3FC6245233D900C6FA76 /* Sources */,
				A7CE3FC7245233D900C6FA76 /* Frameworks */,
				A7CE3FC8245233D900C6FA76 /* Resources */,
			);
			buildRules = (
			);
			dependencies = (
			);
			name = "Homework 10";
			productName = "Homework 10";
			productReference = A7CE3FCA245233D900C6FA76 /* Homework 10.app */;
			productType = "com.apple.product-type.application";
		};
		A7CE3FDF245233DC00C6FA76 /* Homework 10Tests */ = {
			isa = PBXNativeTarget;
			buildConfigurationList = A7CE3FF7245233DC00C6FA76 /* Build configuration list for PBXNativeTarget "Homework 10Tests" */;
			buildPhases = (
				A7CE3FDC245233DC00C6FA76 /* Sources */,
				A7CE3FDD245233DC00C6FA76 /* Frameworks */,
				A7CE3FDE245233DC00C6FA76 /* Resources */,
			);
			buildRules = (
			);
			dependencies = (
				A7CE3FE2245233DC00C6FA76 /* PBXTargetDependency */,
			);
			name = "Homework 10Tests";
			productName = "Homework 10Tests";
			productReference = A7CE3FE0245233DC00C6FA76 /* Homework 10Tests.xctest */;
			productType = "com.apple.product-type.bundle.unit-test";
		};
		A7CE3FEA245233DC00C6FA76 /* Homework 10UITests */ = {
			isa = PBXNativeTarget;
			buildConfigurationList = A7CE3FFA245233DC00C6FA76 /* Build configuration list for PBXNativeTarget "Homework 10UITests" */;
			buildPhases = (
				A7CE3FE7245233DC00C6FA76 /* Sources */,
				A7CE3FE8245233DC00C6FA76 /* Frameworks */,
				A7CE3FE9245233DC00C6FA76 /* Resources */,
			);
			buildRules = (
			);
			dependencies = (
				A7CE3FED245233DC00C6FA76 /* PBXTargetDependency */,
			);
			name = "Homework 10UITests";
			productName = "Homework 10UITests";
			productReference = A7CE3FEB245233DC00C6FA76 /* Homework 10UITests.xctest */;
			productType = "com.apple.product-type.bundle.ui-testing";
		};
/* End PBXNativeTarget section */

/* Begin PBXProject section */
		A7CE3FC2245233D900C6FA76 /* Project object */ = {
			isa = PBXProject;
			attributes = {
				LastSwiftUpdateCheck = 1130;
				LastUpgradeCheck = 1130;
				ORGANIZATIONNAME = "Marlayna Verenna";
				TargetAttributes = {
					A7CE3FC9245233D900C6FA76 = {
						CreatedOnToolsVersion = 11.3.1;
					};
					A7CE3FDF245233DC00C6FA76 = {
						CreatedOnToolsVersion = 11.3.1;
						TestTargetID = A7CE3FC9245233D900C6FA76;
					};
					A7CE3FEA245233DC00C6FA76 = {
						CreatedOnToolsVersion = 11.3.1;
						TestTargetID = A7CE3FC9245233D900C6FA76;
					};
				};
			};
			buildConfigurationList = A7CE3FC5245233D900C6FA76 /* Build configuration list for PBXProject "Homework 10" */;
			compatibilityVersion = "Xcode 9.3";
			developmentRegion = en;
			hasScannedForEncodings = 0;
			knownRegions = (
				en,
				Base,
			);
			mainGroup = A7CE3FC1245233D900C6FA76;
			productRefGroup = A7CE3FCB245233D900C6FA76 /* Products */;
			projectDirPath = "";
			projectRoot = "";
			targets = (
				A7CE3FC9245233D900C6FA76 /* Homework 10 */,
				A7CE3FDF245233DC00C6FA76 /* Homework 10Tests */,
				A7CE3FEA245233DC00C6FA76 /* Homework 10UITests */,
			);
		};
/* End PBXProject section */

/* Begin PBXResourcesBuildPhase section */
		A7CE3FC8245233D900C6FA76 /* Resources */ = {
			isa = PBXResourcesBuildPhase;
			buildActionMask = 2147483647;
			files = (
				A7CE3FDA245233DC00C6FA76 /* LaunchScreen.storyboard in Resources */,
				A7CE3FD7245233DC00C6FA76 /* Assets.xcassets in Resources */,
				A7CE3FD5245233D900C6FA76 /* Main.storyboard in Resources */,
			);
			runOnlyForDeploymentPostprocessing = 0;
		};
		A7CE3FDE245233DC00C6FA76 /* Resources */ = {
			isa = PBXResourcesBuildPhase;
			buildActionMask = 2147483647;
			files = (
			);
			runOnlyForDeploymentPostprocessing = 0;
		};
		A7CE3FE9245233DC00C6FA76 /* Resources */ = {
			isa = PBXResourcesBuildPhase;
			buildActionMask = 2147483647;
			files = (
			);
			runOnlyForDeploymentPostprocessing = 0;
		};
/* End PBXResourcesBuildPhase section */

/* Begin PBXSourcesBuildPhase section */
		A7CE3FC6245233D900C6FA76 /* Sources */ = {
			isa = PBXSourcesBuildPhase;
			buildActionMask = 2147483647;
			files = (
				A7CE3FD2245233D900C6FA76 /* ViewController.swift in Sources */,
				A7CE3FCE245233D900C6FA76 /* AppDelegate.swift in Sources */,
				A7CE3FD0245233D900C6FA76 /* SceneDelegate.swift in Sources */,
			);
			runOnlyForDeploymentPostprocessing = 0;
		};
		A7CE3FDC245233DC00C6FA76 /* Sources */ = {
			isa = PBXSourcesBuildPhase;
			buildActionMask = 2147483647;
			files = (
				A7CE3FE5245233DC00C6FA76 /* Homework_10Tests.swift in Sources */,
			);
			runOnlyForDeploymentPostprocessing = 0;
		};
		A7CE3FE7245233DC00C6FA76 /* Sources */ = {
			isa = PBXSourcesBuildPhase;
			buildActionMask = 2147483647;
			files = (
				A7CE3FF0245233DC00C6FA76 /* Homework_10UITests.swift in Sources */,
			);
			runOnlyForDeploymentPostprocessing = 0;
		};
/* End PBXSourcesBuildPhase section */

/* Begin PBXTargetDependency section */
		A7CE3FE2245233DC00C6FA76 /* PBXTargetDependency */ = {
			isa = PBXTargetDependency;
			target = A7CE3FC9245233D900C6FA76 /* Homework 10 */;
			targetProxy = A7CE3FE1245233DC00C6FA76 /* PBXContainerItemProxy */;
		};
		A7CE3FED245233DC00C6FA76 /* PBXTargetDependency */ = {
			isa = PBXTargetDependency;
			target = A7CE3FC9245233D900C6FA76 /* Homework 10 */;
			targetProxy = A7CE3FEC245233DC00C6FA76 /* PBXContainerItemProxy */;
		};
/* End PBXTargetDependency section */

/* Begin PBXVariantGroup section */
		A7CE3FD3245233D900C6FA76 /* Main.storyboard */ = {
			isa = PBXVariantGroup;
			children = (
				A7CE3FD4245233D900C6FA76 /* Base */,
			);
			name = Main.storyboard;
			sourceTree = "<group>";
		};
		A7CE3FD8245233DC00C6FA76 /* LaunchScreen.storyboard */ = {
			isa = PBXVariantGroup;
			children = (
				A7CE3FD9245233DC00C6FA76 /* Base */,
			);
			name = LaunchScreen.storyboard;
			sourceTree = "<group>";
		};
/* End PBXVariantGroup section */

/* Begin XCBuildConfiguration section */
		A7CE3FF2245233DC00C6FA76 /* Debug */ = {
			isa = XCBuildConfiguration;
			buildSettings = {
				ALWAYS_SEARCH_USER_PATHS = NO;
				CLANG_ANALYZER_NONNULL = YES;
				CLANG_ANALYZER_NUMBER_OBJECT_CONVERSION = YES_AGGRESSIVE;
				CLANG_CXX_LANGUAGE_STANDARD = "gnu++14";
				CLANG_CXX_LIBRARY = "libc++";
				CLANG_ENABLE_MODULES = YES;
				CLANG_ENABLE_OBJC_ARC = YES;
				CLANG_ENABLE_OBJC_WEAK = YES;
				CLANG_WARN_BLOCK_CAPTURE_AUTORELEASING = YES;
				CLANG_WARN_BOOL_CONVERSION = YES;
				CLANG_WARN_COMMA = YES;
				CLANG_WARN_CONSTANT_CONVERSION = YES;
				CLANG_WARN_DEPRECATED_OBJC_IMPLEMENTATIONS = YES;
				CLANG_WARN_DIRECT_OBJC_ISA_USAGE = YES_ERROR;
				CLANG_WARN_DOCUMENTATION_COMMENTS = YES;
				CLANG_WARN_EMPTY_BODY = YES;
				CLANG_WARN_ENUM_CONVERSION = YES;
				CLANG_WARN_INFINITE_RECURSION = YES;
				CLANG_WARN_INT_CONVERSION = YES;
				CLANG_WARN_NON_LITERAL_NULL_CONVERSION = YES;
				CLANG_WARN_OBJC_IMPLICIT_RETAIN_SELF = YES;
				CLANG_WARN_OBJC_LITERAL_CONVERSION = YES;
				CLANG_WARN_OBJC_ROOT_CLASS = YES_ERROR;
				CLANG_WARN_RANGE_LOOP_ANALYSIS = YES;
				CLANG_WARN_STRICT_PROTOTYPES = YES;
				CLANG_WARN_SUSPICIOUS_MOVE = YES;
				CLANG_WARN_UNGUARDED_AVAILABILITY = YES_AGGRESSIVE;
				CLANG_WARN_UNREACHABLE_CODE = YES;
				CLANG_WARN__DUPLICATE_METHOD_MATCH = YES;
				COPY_PHASE_STRIP = NO;
				DEBUG_INFORMATION_FORMAT = dwarf;
				ENABLE_STRICT_OBJC_MSGSEND = YES;
				ENABLE_TESTABILITY = YES;
				GCC_C_LANGUAGE_STANDARD = gnu11;
				GCC_DYNAMIC_NO_PIC = NO;
				GCC_NO_COMMON_BLOCKS = YES;
				GCC_OPTIMIZATION_LEVEL = 0;
				GCC_PREPROCESSOR_DEFINITIONS = (
					"DEBUG=1",
					"$(inherited)",
				);
				GCC_WARN_64_TO_32_BIT_CONVERSION = YES;
				GCC_WARN_ABOUT_RETURN_TYPE = YES_ERROR;
				GCC_WARN_UNDECLARED_SELECTOR = YES;
				GCC_WARN_UNINITIALIZED_AUTOS = YES_AGGRESSIVE;
				GCC_WARN_UNUSED_FUNCTION = YES;
				GCC_WARN_UNUSED_VARIABLE = YES;
				IPHONEOS_DEPLOYMENT_TARGET = 13.2;
				MTL_ENABLE_DEBUG_INFO = INCLUDE_SOURCE;
				MTL_FAST_MATH = YES;
				ONLY_ACTIVE_ARCH = YES;
				SDKROOT = iphoneos;
				SWIFT_ACTIVE_COMPILATION_CONDITIONS = DEBUG;
				SWIFT_OPTIMIZATION_LEVEL = "-Onone";
			};
			name = Debug;
		};
		A7CE3FF3245233DC00C6FA76 /* Release */ = {
			isa = XCBuildConfiguration;
			buildSettings = {
				ALWAYS_SEARCH_USER_PATHS = NO;
				CLANG_ANALYZER_NONNULL = YES;
				CLANG_ANALYZER_NUMBER_OBJECT_CONVERSION = YES_AGGRESSIVE;
				CLANG_CXX_LANGUAGE_STANDARD = "gnu++14";
				CLANG_CXX_LIBRARY = "libc++";
				CLANG_ENABLE_MODULES = YES;
				CLANG_ENABLE_OBJC_ARC = YES;
				CLANG_ENABLE_OBJC_WEAK = YES;
				CLANG_WARN_BLOCK_CAPTURE_AUTORELEASING = YES;
				CLANG_WARN_BOOL_CONVERSION = YES;
				CLANG_WARN_COMMA = YES;
				CLANG_WARN_CONSTANT_CONVERSION = YES;
				CLANG_WARN_DEPRECATED_OBJC_IMPLEMENTATIONS = YES;
				CLANG_WARN_DIRECT_OBJC_ISA_USAGE = YES_ERROR;
				CLANG_WARN_DOCUMENTATION_COMMENTS = YES;
				CLANG_WARN_EMPTY_BODY = YES;
				CLANG_WARN_ENUM_CONVERSION = YES;
				CLANG_WARN_INFINITE_RECURSION = YES;
				CLANG_WARN_INT_CONVERSION = YES;
				CLANG_WARN_NON_LITERAL_NULL_CONVERSION = YES;
				CLANG_WARN_OBJC_IMPLICIT_RETAIN_SELF = YES;
				CLANG_WARN_OBJC_LITERAL_CONVERSION = YES;
				CLANG_WARN_OBJC_ROOT_CLASS = YES_ERROR;
				CLANG_WARN_RANGE_LOOP_ANALYSIS = YES;
				CLANG_WARN_STRICT_PROTOTYPES = YES;
				CLANG_WARN_SUSPICIOUS_MOVE = YES;
				CLANG_WARN_UNGUARDED_AVAILABILITY = YES_AGGRESSIVE;
				CLANG_WARN_UNREACHABLE_CODE = YES;
				CLANG_WARN__DUPLICATE_METHOD_MATCH = YES;
				COPY_PHASE_STRIP = NO;
				DEBUG_INFORMATION_FORMAT = "dwarf-with-dsym";
				ENABLE_NS_ASSERTIONS = NO;
				ENABLE_STRICT_OBJC_MSGSEND = YES;
				GCC_C_LANGUAGE_STANDARD = gnu11;
				GCC_NO_COMMON_BLOCKS = YES;
				GCC_WARN_64_TO_32_BIT_CONVERSION = YES;
				GCC_WARN_ABOUT_RETURN_TYPE = YES_ERROR;
				GCC_WARN_UNDECLARED_SELECTOR = YES;
				GCC_WARN_UNINITIALIZED_AUTOS = YES_AGGRESSIVE;
				GCC_WARN_UNUSED_FUNCTION = YES;
				GCC_WARN_UNUSED_VARIABLE = YES;
				IPHONEOS_DEPLOYMENT_TARGET = 13.2;
				MTL_ENABLE_DEBUG_INFO = NO;
				MTL_FAST_MATH = YES;
				SDKROOT = iphoneos;
				SWIFT_COMPILATION_MODE = wholemodule;
				SWIFT_OPTIMIZATION_LEVEL = "-O";
				VALIDATE_PRODUCT = YES;
			};
			name = Release;
		};
		A7CE3FF5245233DC00C6FA76 /* Debug */ = {
			isa = XCBuildConfiguration;
			buildSettings = {
				ASSETCATALOG_COMPILER_APPICON_NAME = AppIcon;
				CODE_SIGN_STYLE = Automatic;
				DEVELOPMENT_TEAM = 4C7U2BKQZ7;
				INFOPLIST_FILE = "Homework 10/Info.plist";
				LD_RUNPATH_SEARCH_PATHS = (
					"$(inherited)",
					"@executable_path/Frameworks",
				);
				PRODUCT_BUNDLE_IDENTIFIER = "m.verenna-setonhill.edu.Homework-10";
				PRODUCT_NAME = "$(TARGET_NAME)";
				SWIFT_VERSION = 5.0;
				TARGETED_DEVICE_FAMILY = "1,2";
			};
			name = Debug;
		};
		A7CE3FF6245233DC00C6FA76 /* Release */ = {
			isa = XCBuildConfiguration;
			buildSettings = {
				ASSETCATALOG_COMPILER_APPICON_NAME = AppIcon;
				CODE_SIGN_STYLE = Automatic;
				DEVELOPMENT_TEAM = 4C7U2BKQZ7;
				INFOPLIST_FILE = "Homework 10/Info.plist";
				LD_RUNPATH_SEARCH_PATHS = (
					"$(inherited)",
					"@executable_path/Frameworks",
				);
				PRODUCT_BUNDLE_IDENTIFIER = "m.verenna-setonhill.edu.Homework-10";
				PRODUCT_NAME = "$(TARGET_NAME)";
				SWIFT_VERSION = 5.0;
				TARGETED_DEVICE_FAMILY = "1,2";
			};
			name = Release;
		};
		A7CE3FF8245233DC00C6FA76 /* Debug */ = {
			isa = XCBuildConfiguration;
			buildSettings = {
				ALWAYS_EMBED_SWIFT_STANDARD_LIBRARIES = YES;
				BUNDLE_LOADER = "$(TEST_HOST)";
				CODE_SIGN_STYLE = Automatic;
				DEVELOPMENT_TEAM = 4C7U2BKQZ7;
				INFOPLIST_FILE = "Homework 10Tests/Info.plist";
				IPHONEOS_DEPLOYMENT_TARGET = 13.2;
				LD_RUNPATH_SEARCH_PATHS = (
					"$(inherited)",
					"@executable_path/Frameworks",
					"@loader_path/Frameworks",
				);
				PRODUCT_BUNDLE_IDENTIFIER = "m.verenna-setonhill.edu.Homework-10Tests";
				PRODUCT_NAME = "$(TARGET_NAME)";
				SWIFT_VERSION = 5.0;
				TARGETED_DEVICE_FAMILY = "1,2";
				TEST_HOST = "$(BUILT_PRODUCTS_DIR)/Homework 10.app/Homework 10";
			};
			name = Debug;
		};
		A7CE3FF9245233DC00C6FA76 /* Release */ = {
			isa = XCBuildConfiguration;
			buildSettings = {
				ALWAYS_EMBED_SWIFT_STANDARD_LIBRARIES = YES;
				BUNDLE_LOADER = "$(TEST_HOST)";
				CODE_SIGN_STYLE = Automatic;
				DEVELOPMENT_TEAM = 4C7U2BKQZ7;
				INFOPLIST_FILE = "Homework 10Tests/Info.plist";
				IPHONEOS_DEPLOYMENT_TARGET = 13.2;
				LD_RUNPATH_SEARCH_PATHS = (
					"$(inherited)",
					"@executable_path/Frameworks",
					"@loader_path/Frameworks",
				);
				PRODUCT_BUNDLE_IDENTIFIER = "m.verenna-setonhill.edu.Homework-10Tests";
				PRODUCT_NAME = "$(TARGET_NAME)";
				SWIFT_VERSION = 5.0;
				TARGETED_DEVICE_FAMILY = "1,2";
				TEST_HOST = "$(BUILT_PRODUCTS_DIR)/Homework 10.app/Homework 10";
			};
			name = Release;
		};
		A7CE3FFB245233DC00C6FA76 /* Debug */ = {
			isa = XCBuildConfiguration;
			buildSettings = {
				ALWAYS_EMBED_SWIFT_STANDARD_LIBRARIES = YES;
				CODE_SIGN_STYLE = Automatic;
				DEVELOPMENT_TEAM = 4C7U2BKQZ7;
				INFOPLIST_FILE = "Homework 10UITests/Info.plist";
				LD_RUNPATH_SEARCH_PATHS = (
					"$(inherited)",
					"@executable_path/Frameworks",
					"@loader_path/Frameworks",
				);
				PRODUCT_BUNDLE_IDENTIFIER = "m.verenna-setonhill.edu.Homework-10UITests";
				PRODUCT_NAME = "$(TARGET_NAME)";
				SWIFT_VERSION = 5.0;
				TARGETED_DEVICE_FAMILY = "1,2";
				TEST_TARGET_NAME = "Homework 10";
			};
			name = Debug;
		};
		A7CE3FFC245233DC00C6FA76 /* Release */ = {
			isa = XCBuildConfiguration;
			buildSettings = {
				ALWAYS_EMBED_SWIFT_STANDARD_LIBRARIES = YES;
				CODE_SIGN_STYLE = Automatic;
				DEVELOPMENT_TEAM = 4C7U2BKQZ7;
				INFOPLIST_FILE = "Homework 10UITests/Info.plist";
				LD_RUNPATH_SEARCH_PATHS = (
					"$(inherited)",
					"@executable_path/Frameworks",
					"@loader_path/Frameworks",
				);
				PRODUCT_BUNDLE_IDENTIFIER = "m.verenna-setonhill.edu.Homework-10UITests";
				PRODUCT_NAME = "$(TARGET_NAME)";
				SWIFT_VERSION = 5.0;
				TARGETED_DEVICE_FAMILY = "1,2";
				TEST_TARGET_NAME = "Homework 10";
			};
			name = Release;
		};
/* End XCBuildConfiguration section */

/* Begin XCConfigurationList section */
		A7CE3FC5245233D900C6FA76 /* Build configuration list for PBXProject "Homework 10" */ = {
			isa = XCConfigurationList;
			buildConfigurations = (
				A7CE3FF2245233DC00C6FA76 /* Debug */,
				A7CE3FF3245233DC00C6FA76 /* Release */,
			);
			defaultConfigurationIsVisible = 0;
			defaultConfigurationName = Release;
		};
		A7CE3FF4245233DC00C6FA76 /* Build configuration list for PBXNativeTarget "Homework 10" */ = {
			isa = XCConfigurationList;
			buildConfigurations = (
				A7CE3FF5245233DC00C6FA76 /* Debug */,
				A7CE3FF6245233DC00C6FA76 /* Release */,
			);
			defaultConfigurationIsVisible = 0;
			defaultConfigurationName = Release;
		};
		A7CE3FF7245233DC00C6FA76 /* Build configuration list for PBXNativeTarget "Homework 10Tests" */ = {
			isa = XCConfigurationList;
			buildConfigurations = (
				A7CE3FF8245233DC00C6FA76 /* Debug */,
				A7CE3FF9245233DC00C6FA76 /* Release */,
			);
			defaultConfigurationIsVisible = 0;
			defaultConfigurationName = Release;
		};
		A7CE3FFA245233DC00C6FA76 /* Build configuration list for PBXNativeTarget "Homework 10UITests" */ = {
			isa = XCConfigurationList;
			buildConfigurations = (
				A7CE3FFB245233DC00C6FA76 /* Debug */,
				A7CE3FFC245233DC00C6FA76 /* Release */,
			);
			defaultConfigurationIsVisible = 0;
			defaultConfigurationName = Release;
		};
/* End XCConfigurationList section */
	};
	rootObject = A7CE3FC2245233D900C6FA76 /* Project object */;
}
